// !$*UTF8*$!
{
	archiveVersion = 1;
	classes = {
	};
	objectVersion = 56;
	objects = {

/* Begin PBXBuildFile section */
		2410042A299BFCF6004BE66C /* AppDelegate.swift in Sources */ = {isa = PBXBuildFile; fileRef = 24100429299BFCF6004BE66C /* AppDelegate.swift */; };
		2410042C299BFCF6004BE66C /* SceneDelegate.swift in Sources */ = {isa = PBXBuildFile; fileRef = 2410042B299BFCF6004BE66C /* SceneDelegate.swift */; };
		2410042E299BFCF6004BE66C /* ViewController.swift in Sources */ = {isa = PBXBuildFile; fileRef = 2410042D299BFCF6004BE66C /* ViewController.swift */; };
		24100431299BFCF6004BE66C /* Main.storyboard in Resources */ = {isa = PBXBuildFile; fileRef = 2410042F299BFCF6004BE66C /* Main.storyboard */; };
		24100433299BFCF7004BE66C /* Assets.xcassets in Resources */ = {isa = PBXBuildFile; fileRef = 24100432299BFCF7004BE66C /* Assets.xcassets */; };
		24100436299BFCF7004BE66C /* LaunchScreen.storyboard in Resources */ = {isa = PBXBuildFile; fileRef = 24100434299BFCF7004BE66C /* LaunchScreen.storyboard */; };
		24100443299BFEDB004BE66C /* WeatherTableViewCell.swift in Sources */ = {isa = PBXBuildFile; fileRef = 24100441299BFEDB004BE66C /* WeatherTableViewCell.swift */; };
		24100444299BFEDB004BE66C /* WeatherTableViewCell.xib in Resources */ = {isa = PBXBuildFile; fileRef = 24100442299BFEDB004BE66C /* WeatherTableViewCell.xib */; };
		24100449299D205F004BE66C /* WeatherData.swift in Sources */ = {isa = PBXBuildFile; fileRef = 24100448299D205F004BE66C /* WeatherData.swift */; };
		2410044B299D2855004BE66C /* WeatherModel.swift in Sources */ = {isa = PBXBuildFile; fileRef = 2410044A299D2855004BE66C /* WeatherModel.swift */; };
		2410044D299D29AF004BE66C /* WeatherManager.swift in Sources */ = {isa = PBXBuildFile; fileRef = 2410044C299D29AF004BE66C /* WeatherManager.swift */; };
		241004AF299E204E004BE66C /* DataModel.swift in Sources */ = {isa = PBXBuildFile; fileRef = 241004AE299E204E004BE66C /* DataModel.swift */; };
/* End PBXBuildFile section */

/* Begin PBXFileReference section */
		24100426299BFCF6004BE66C /* WeatherProject.app */ = {isa = PBXFileReference; explicitFileType = wrapper.application; includeInIndex = 0; path = WeatherProject.app; sourceTree = BUILT_PRODUCTS_DIR; };
		24100429299BFCF6004BE66C /* AppDelegate.swift */ = {isa = PBXFileReference; lastKnownFileType = sourcecode.swift; path = AppDelegate.swift; sourceTree = "<group>"; };
		2410042B299BFCF6004BE66C /* SceneDelegate.swift */ = {isa = PBXFileReference; lastKnownFileType = sourcecode.swift; path = SceneDelegate.swift; sourceTree = "<group>"; };
		2410042D299BFCF6004BE66C /* ViewController.swift */ = {isa = PBXFileReference; lastKnownFileType = sourcecode.swift; path = ViewController.swift; sourceTree = "<group>"; };
		24100430299BFCF6004BE66C /* Base */ = {isa = PBXFileReference; lastKnownFileType = file.storyboard; name = Base; path = Base.lproj/Main.storyboard; sourceTree = "<group>"; };
		24100432299BFCF7004BE66C /* Assets.xcassets */ = {isa = PBXFileReference; lastKnownFileType = folder.assetcatalog; path = Assets.xcassets; sourceTree = "<group>"; };
		24100435299BFCF7004BE66C /* Base */ = {isa = PBXFileReference; lastKnownFileType = file.storyboard; name = Base; path = Base.lproj/LaunchScreen.storyboard; sourceTree = "<group>"; };
		24100437299BFCF7004BE66C /* Info.plist */ = {isa = PBXFileReference; lastKnownFileType = text.plist.xml; path = Info.plist; sourceTree = "<group>"; };
		24100441299BFEDB004BE66C /* WeatherTableViewCell.swift */ = {isa = PBXFileReference; lastKnownFileType = sourcecode.swift; path = WeatherTableViewCell.swift; sourceTree = "<group>"; };
		24100442299BFEDB004BE66C /* WeatherTableViewCell.xib */ = {isa = PBXFileReference; lastKnownFileType = file.xib; path = WeatherTableViewCell.xib; sourceTree = "<group>"; };
		24100448299D205F004BE66C /* WeatherData.swift */ = {isa = PBXFileReference; lastKnownFileType = sourcecode.swift; path = WeatherData.swift; sourceTree = "<group>"; };
		2410044A299D2855004BE66C /* WeatherModel.swift */ = {isa = PBXFileReference; lastKnownFileType = sourcecode.swift; path = WeatherModel.swift; sourceTree = "<group>"; };
		2410044C299D29AF004BE66C /* WeatherManager.swift */ = {isa = PBXFileReference; lastKnownFileType = sourcecode.swift; path = WeatherManager.swift; sourceTree = "<group>"; };
		241004AE299E204E004BE66C /* DataModel.swift */ = {isa = PBXFileReference; lastKnownFileType = sourcecode.swift; path = DataModel.swift; sourceTree = "<group>"; };
/* End PBXFileReference section */

/* Begin PBXFrameworksBuildPhase section */
		24100423299BFCF6004BE66C /* Frameworks */ = {
			isa = PBXFrameworksBuildPhase;
			buildActionMask = 2147483647;
			files = (
			);
			runOnlyForDeploymentPostprocessing = 0;
		};
/* End PBXFrameworksBuildPhase section */

/* Begin PBXGroup section */
		2410041D299BFCF6004BE66C = {
			isa = PBXGroup;
			children = (
				24100428299BFCF6004BE66C /* WeatherProject */,
				24100427299BFCF6004BE66C /* Products */,
			);
			sourceTree = "<group>";
		};
		24100427299BFCF6004BE66C /* Products */ = {
			isa = PBXGroup;
			children = (
				24100426299BFCF6004BE66C /* WeatherProject.app */,
			);
			name = Products;
			sourceTree = "<group>";
		};
		24100428299BFCF6004BE66C /* WeatherProject */ = {
			isa = PBXGroup;
			children = (
				24100440299BFE35004BE66C /* WeatherCell */,
				2410043F299BFDCF004BE66C /* Controller */,
				2410043E299BFDC8004BE66C /* View */,
				2410043D299BFDBC004BE66C /* Model */,
				24100429299BFCF6004BE66C /* AppDelegate.swift */,
				2410042B299BFCF6004BE66C /* SceneDelegate.swift */,
				24100432299BFCF7004BE66C /* Assets.xcassets */,
				24100434299BFCF7004BE66C /* LaunchScreen.storyboard */,
				24100437299BFCF7004BE66C /* Info.plist */,
			);
			path = WeatherProject;
			sourceTree = "<group>";
		};
		2410043D299BFDBC004BE66C /* Model */ = {
			isa = PBXGroup;
			children = (
				24100448299D205F004BE66C /* WeatherData.swift */,
				2410044A299D2855004BE66C /* WeatherModel.swift */,
				2410044C299D29AF004BE66C /* WeatherManager.swift */,
				241004AE299E204E004BE66C /* DataModel.swift */,
			);
			path = Model;
			sourceTree = "<group>";
		};
		2410043E299BFDC8004BE66C /* View */ = {
			isa = PBXGroup;
			children = (
				2410042F299BFCF6004BE66C /* Main.storyboard */,
			);
			path = View;
			sourceTree = "<group>";
		};
		2410043F299BFDCF004BE66C /* Controller */ = {
			isa = PBXGroup;
			children = (
				2410042D299BFCF6004BE66C /* ViewController.swift */,
			);
			path = Controller;
			sourceTree = "<group>";
		};
		24100440299BFE35004BE66C /* WeatherCell */ = {
			isa = PBXGroup;
			children = (
				24100441299BFEDB004BE66C /* WeatherTableViewCell.swift */,
				24100442299BFEDB004BE66C /* WeatherTableViewCell.xib */,
			);
			path = WeatherCell;
			sourceTree = "<group>";
		};
/* End PBXGroup section */

/* Begin PBXNativeTarget section */
		24100425299BFCF6004BE66C /* WeatherProject */ = {
			isa = PBXNativeTarget;
			buildConfigurationList = 2410043A299BFCF7004BE66C /* Build configuration list for PBXNativeTarget "WeatherProject" */;
			buildPhases = (
				24100422299BFCF6004BE66C /* Sources */,
				24100423299BFCF6004BE66C /* Frameworks */,
				24100424299BFCF6004BE66C /* Resources */,
			);
			buildRules = (
			);
			dependencies = (
			);
			name = WeatherProject;
			productName = Weather;
			productReference = 24100426299BFCF6004BE66C /* WeatherProject.app */;
			productType = "com.apple.product-type.application";
		};
/* End PBXNativeTarget section */

/* Begin PBXProject section */
		2410041E299BFCF6004BE66C /* Project object */ = {
			isa = PBXProject;
			attributes = {
				BuildIndependentTargetsInParallel = 1;
				LastSwiftUpdateCheck = 1420;
				LastUpgradeCheck = 1420;
				TargetAttributes = {
					24100425299BFCF6004BE66C = {
						CreatedOnToolsVersion = 14.2;
					};
				};
			};
			buildConfigurationList = 24100421299BFCF6004BE66C /* Build configuration list for PBXProject "WeatherProject" */;
			compatibilityVersion = "Xcode 14.0";
			developmentRegion = en;
			hasScannedForEncodings = 0;
			knownRegions = (
				en,
				Base,
			);
			mainGroup = 2410041D299BFCF6004BE66C;
			productRefGroup = 24100427299BFCF6004BE66C /* Products */;
			projectDirPath = "";
			projectRoot = "";
			targets = (
				24100425299BFCF6004BE66C /* WeatherProject */,
			);
		};
/* End PBXProject section */

/* Begin PBXResourcesBuildPhase section */
		24100424299BFCF6004BE66C /* Resources */ = {
			isa = PBXResourcesBuildPhase;
			buildActionMask = 2147483647;
			files = (
				24100444299BFEDB004BE66C /* WeatherTableViewCell.xib in Resources */,
				24100436299BFCF7004BE66C /* LaunchScreen.storyboard in Resources */,
				24100433299BFCF7004BE66C /* Assets.xcassets in Resources */,
				24100431299BFCF6004BE66C /* Main.storyboard in Resources */,
			);
			runOnlyForDeploymentPostprocessing = 0;
		};
/* End PBXResourcesBuildPhase section */

/* Begin PBXSourcesBuildPhase section */
		24100422299BFCF6004BE66C /* Sources */ = {
			isa = PBXSourcesBuildPhase;
			buildActionMask = 2147483647;
			files = (
				24100443299BFEDB004BE66C /* WeatherTableViewCell.swift in Sources */,
				2410042E299BFCF6004BE66C /* ViewController.swift in Sources */,
				2410044D299D29AF004BE66C /* WeatherManager.swift in Sources */,
				2410044B299D2855004BE66C /* WeatherModel.swift in Sources */,
				2410042A299BFCF6004BE66C /* AppDelegate.swift in Sources */,
				24100449299D205F004BE66C /* WeatherData.swift in Sources */,
				2410042C299BFCF6004BE66C /* SceneDelegate.swift in Sources */,
				241004AF299E204E004BE66C /* DataModel.swift in Sources */,
			);
			runOnlyForDeploymentPostprocessing = 0;
		};
/* End PBXSourcesBuildPhase section */

/* Begin PBXVariantGroup section */
		2410042F299BFCF6004BE66C /* Main.storyboard */ = {
			isa = PBXVariantGroup;
			children = (
				24100430299BFCF6004BE66C /* Base */,
			);
			name = Main.storyboard;
			sourceTree = "<group>";
		};
		24100434299BFCF7004BE66C /* LaunchScreen.storyboard */ = {
			isa = PBXVariantGroup;
			children = (
				24100435299BFCF7004BE66C /* Base */,
			);
			name = LaunchScreen.storyboard;
			sourceTree = "<group>";
		};
/* End PBXVariantGroup section */

/* Begin XCBuildConfiguration section */
		24100438299BFCF7004BE66C /* Debug */ = {
			isa = XCBuildConfiguration;
			buildSettings = {
				ALWAYS_SEARCH_USER_PATHS = NO;
				CLANG_ANALYZER_NONNULL = YES;
				CLANG_ANALYZER_NUMBER_OBJECT_CONVERSION = YES_AGGRESSIVE;
				CLANG_CXX_LANGUAGE_STANDARD = "gnu++20";
				CLANG_ENABLE_MODULES = YES;
				CLANG_ENABLE_OBJC_ARC = YES;
				CLANG_ENABLE_OBJC_WEAK = YES;
				CLANG_WARN_BLOCK_CAPTURE_AUTORELEASING = YES;
				CLANG_WARN_BOOL_CONVERSION = YES;
				CLANG_WARN_COMMA = YES;
				CLANG_WARN_CONSTANT_CONVERSION = YES;
				CLANG_WARN_DEPRECATED_OBJC_IMPLEMENTATIONS = YES;
				CLANG_WARN_DIRECT_OBJC_ISA_USAGE = YES_ERROR;
				CLANG_WARN_DOCUMENTATION_COMMENTS = YES;
				CLANG_WARN_EMPTY_BODY = YES;
				CLANG_WARN_ENUM_CONVERSION = YES;
				CLANG_WARN_INFINITE_RECURSION = YES;
				CLANG_WARN_INT_CONVERSION = YES;
				CLANG_WARN_NON_LITERAL_NULL_CONVERSION = YES;
				CLANG_WARN_OBJC_IMPLICIT_RETAIN_SELF = YES;
				CLANG_WARN_OBJC_LITERAL_CONVERSION = YES;
				CLANG_WARN_OBJC_ROOT_CLASS = YES_ERROR;
				CLANG_WARN_QUOTED_INCLUDE_IN_FRAMEWORK_HEADER = YES;
				CLANG_WARN_RANGE_LOOP_ANALYSIS = YES;
				CLANG_WARN_STRICT_PROTOTYPES = YES;
				CLANG_WARN_SUSPICIOUS_MOVE = YES;
				CLANG_WARN_UNGUARDED_AVAILABILITY = YES_AGGRESSIVE;
				CLANG_WARN_UNREACHABLE_CODE = YES;
				CLANG_WARN__DUPLICATE_METHOD_MATCH = YES;
				COPY_PHASE_STRIP = NO;
				DEBUG_INFORMATION_FORMAT = dwarf;
				ENABLE_STRICT_OBJC_MSGSEND = YES;
				ENABLE_TESTABILITY = YES;
				GCC_C_LANGUAGE_STANDARD = gnu11;
				GCC_DYNAMIC_NO_PIC = NO;
				GCC_NO_COMMON_BLOCKS = YES;
				GCC_OPTIMIZATION_LEVEL = 0;
				GCC_PREPROCESSOR_DEFINITIONS = (
					"DEBUG=1",
					"$(inherited)",
				);
				GCC_WARN_64_TO_32_BIT_CONVERSION = YES;
				GCC_WARN_ABOUT_RETURN_TYPE = YES_ERROR;
				GCC_WARN_UNDECLARED_SELECTOR = YES;
				GCC_WARN_UNINITIALIZED_AUTOS = YES_AGGRESSIVE;
				GCC_WARN_UNUSED_FUNCTION = YES;
				GCC_WARN_UNUSED_VARIABLE = YES;
				IPHONEOS_DEPLOYMENT_TARGET = 16.2;
				MTL_ENABLE_DEBUG_INFO = INCLUDE_SOURCE;
				MTL_FAST_MATH = YES;
				ONLY_ACTIVE_ARCH = YES;
				SDKROOT = iphoneos;
				SWIFT_ACTIVE_COMPILATION_CONDITIONS = DEBUG;
				SWIFT_OPTIMIZATION_LEVEL = "-Onone";
			};
			name = Debug;
		};
		24100439299BFCF7004BE66C /* Release */ = {
			isa = XCBuildConfiguration;
			buildSettings = {
				ALWAYS_SEARCH_USER_PATHS = NO;
				CLANG_ANALYZER_NONNULL = YES;
				CLANG_ANALYZER_NUMBER_OBJECT_CONVERSION = YES_AGGRESSIVE;
				CLANG_CXX_LANGUAGE_STANDARD = "gnu++20";
				CLANG_ENABLE_MODULES = YES;
				CLANG_ENABLE_OBJC_ARC = YES;
				CLANG_ENABLE_OBJC_WEAK = YES;
				CLANG_WARN_BLOCK_CAPTURE_AUTORELEASING = YES;
				CLANG_WARN_BOOL_CONVERSION = YES;
				CLANG_WARN_COMMA = YES;
				CLANG_WARN_CONSTANT_CONVERSION = YES;
				CLANG_WARN_DEPRECATED_OBJC_IMPLEMENTATIONS = YES;
				CLANG_WARN_DIRECT_OBJC_ISA_USAGE = YES_ERROR;
				CLANG_WARN_DOCUMENTATION_COMMENTS = YES;
				CLANG_WARN_EMPTY_BODY = YES;
				CLANG_WARN_ENUM_CONVERSION = YES;
				CLANG_WARN_INFINITE_RECURSION = YES;
				CLANG_WARN_INT_CONVERSION = YES;
				CLANG_WARN_NON_LITERAL_NULL_CONVERSION = YES;
				CLANG_WARN_OBJC_IMPLICIT_RETAIN_SELF = YES;
				CLANG_WARN_OBJC_LITERAL_CONVERSION = YES;
				CLANG_WARN_OBJC_ROOT_CLASS = YES_ERROR;
				CLANG_WARN_QUOTED_INCLUDE_IN_FRAMEWORK_HEADER = YES;
				CLANG_WARN_RANGE_LOOP_ANALYSIS = YES;
				CLANG_WARN_STRICT_PROTOTYPES = YES;
				CLANG_WARN_SUSPICIOUS_MOVE = YES;
				CLANG_WARN_UNGUARDED_AVAILABILITY = YES_AGGRESSIVE;
				CLANG_WARN_UNREACHABLE_CODE = YES;
				CLANG_WARN__DUPLICATE_METHOD_MATCH = YES;
				COPY_PHASE_STRIP = NO;
				DEBUG_INFORMATION_FORMAT = "dwarf-with-dsym";
				ENABLE_NS_ASSERTIONS = NO;
				ENABLE_STRICT_OBJC_MSGSEND = YES;
				GCC_C_LANGUAGE_STANDARD = gnu11;
				GCC_NO_COMMON_BLOCKS = YES;
				GCC_WARN_64_TO_32_BIT_CONVERSION = YES;
				GCC_WARN_ABOUT_RETURN_TYPE = YES_ERROR;
				GCC_WARN_UNDECLARED_SELECTOR = YES;
				GCC_WARN_UNINITIALIZED_AUTOS = YES_AGGRESSIVE;
				GCC_WARN_UNUSED_FUNCTION = YES;
				GCC_WARN_UNUSED_VARIABLE = YES;
				IPHONEOS_DEPLOYMENT_TARGET = 16.2;
				MTL_ENABLE_DEBUG_INFO = NO;
				MTL_FAST_MATH = YES;
				SDKROOT = iphoneos;
				SWIFT_COMPILATION_MODE = wholemodule;
				SWIFT_OPTIMIZATION_LEVEL = "-O";
				VALIDATE_PRODUCT = YES;
			};
			name = Release;
		};
		2410043B299BFCF7004BE66C /* Debug */ = {
			isa = XCBuildConfiguration;
			buildSettings = {
				ASSETCATALOG_COMPILER_APPICON_NAME = AppIcon;
				ASSETCATALOG_COMPILER_GLOBAL_ACCENT_COLOR_NAME = AccentColor;
				CODE_SIGN_STYLE = Automatic;
				CURRENT_PROJECT_VERSION = 1;
				GENERATE_INFOPLIST_FILE = YES;
				INFOPLIST_FILE = WeatherProject/Info.plist;
				INFOPLIST_KEY_UIApplicationSupportsIndirectInputEvents = YES;
				INFOPLIST_KEY_UILaunchStoryboardName = LaunchScreen;
				INFOPLIST_KEY_UIMainStoryboardFile = Main;
				INFOPLIST_KEY_UISupportedInterfaceOrientations_iPad = "UIInterfaceOrientationPortrait UIInterfaceOrientationPortraitUpsideDown UIInterfaceOrientationLandscapeLeft UIInterfaceOrientationLandscapeRight";
				INFOPLIST_KEY_UISupportedInterfaceOrientations_iPhone = "UIInterfaceOrientationPortrait UIInterfaceOrientationLandscapeLeft UIInterfaceOrientationLandscapeRight";
				LD_RUNPATH_SEARCH_PATHS = (
					"$(inherited)",
					"@executable_path/Frameworks",
				);
				MARKETING_VERSION = 1.0;
				PRODUCT_BUNDLE_IDENTIFIER = "Lyashenko-KV.Weather";
				PRODUCT_NAME = "$(TARGET_NAME)";
				SWIFT_EMIT_LOC_STRINGS = YES;
				SWIFT_VERSION = 5.0;
				TARGETED_DEVICE_FAMILY = "1,2";
			};
			name = Debug;
		};
		2410043C299BFCF7004BE66C /* Release */ = {
			isa = XCBuildConfiguration;
			buildSettings = {
				ASSETCATALOG_COMPILER_APPICON_NAME = AppIcon;
				ASSETCATALOG_COMPILER_GLOBAL_ACCENT_COLOR_NAME = AccentColor;
				CODE_SIGN_STYLE = Automatic;
				CURRENT_PROJECT_VERSION = 1;
				GENERATE_INFOPLIST_FILE = YES;
				INFOPLIST_FILE = WeatherProject/Info.plist;
				INFOPLIST_KEY_UIApplicationSupportsIndirectInputEvents = YES;
				INFOPLIST_KEY_UILaunchStoryboardName = LaunchScreen;
				INFOPLIST_KEY_UIMainStoryboardFile = Main;
				INFOPLIST_KEY_UISupportedInterfaceOrientations_iPad = "UIInterfaceOrientationPortrait UIInterfaceOrientationPortraitUpsideDown UIInterfaceOrientationLandscapeLeft UIInterfaceOrientationLandscapeRight";
				INFOPLIST_KEY_UISupportedInterfaceOrientations_iPhone = "UIInterfaceOrientationPortrait UIInterfaceOrientationLandscapeLeft UIInterfaceOrientationLandscapeRight";
				LD_RUNPATH_SEARCH_PATHS = (
					"$(inherited)",
					"@executable_path/Frameworks",
				);
				MARKETING_VERSION = 1.0;
				PRODUCT_BUNDLE_IDENTIFIER = "Lyashenko-KV.Weather";
				PRODUCT_NAME = "$(TARGET_NAME)";
				SWIFT_EMIT_LOC_STRINGS = YES;
				SWIFT_VERSION = 5.0;
				TARGETED_DEVICE_FAMILY = "1,2";
			};
			name = Release;
		};
/* End XCBuildConfiguration section */

/* Begin XCConfigurationList section */
		24100421299BFCF6004BE66C /* Build configuration list for PBXProject "WeatherProject" */ = {
			isa = XCConfigurationList;
			buildConfigurations = (
				24100438299BFCF7004BE66C /* Debug */,
				24100439299BFCF7004BE66C /* Release */,
			);
			defaultConfigurationIsVisible = 0;
			defaultConfigurationName = Release;
		};
		2410043A299BFCF7004BE66C /* Build configuration list for PBXNativeTarget "WeatherProject" */ = {
			isa = XCConfigurationList;
			buildConfigurations = (
				2410043B299BFCF7004BE66C /* Debug */,
				2410043C299BFCF7004BE66C /* Release */,
			);
			defaultConfigurationIsVisible = 0;
			defaultConfigurationName = Release;
		};
/* End XCConfigurationList section */
	};
	rootObject = 2410041E299BFCF6004BE66C /* Project object */;
}
